// !$*UTF8*$!
{
	archiveVersion = 1;
	classes = {
	};
	objectVersion = 46;
	objects = {

/* Begin PBXBuildFile section */
		0A80B3371BF4361B00967C91 /* AppDelegate.swift in Sources */ = {isa = PBXBuildFile; fileRef = 0A80B3361BF4361B00967C91 /* AppDelegate.swift */; };
		0A80B3391BF4361B00967C91 /* ViewController.swift in Sources */ = {isa = PBXBuildFile; fileRef = 0A80B3381BF4361B00967C91 /* ViewController.swift */; };
		0A80B33C1BF4361B00967C91 /* Main.storyboard in Resources */ = {isa = PBXBuildFile; fileRef = 0A80B33A1BF4361B00967C91 /* Main.storyboard */; };
		0A80B33E1BF4361B00967C91 /* Assets.xcassets in Resources */ = {isa = PBXBuildFile; fileRef = 0A80B33D1BF4361B00967C91 /* Assets.xcassets */; };
		0A80B3411BF4361B00967C91 /* LaunchScreen.storyboard in Resources */ = {isa = PBXBuildFile; fileRef = 0A80B33F1BF4361B00967C91 /* LaunchScreen.storyboard */; };
		0A80B3491BF4399300967C91 /* RCMantleViewController.swift in Sources */ = {isa = PBXBuildFile; fileRef = 0A80B3481BF4399300967C91 /* RCMantleViewController.swift */; };
		0A80B34B1BF43ACD00967C91 /* RCGlassViewController.swift in Sources */ = {isa = PBXBuildFile; fileRef = 0A80B34A1BF43ACD00967C91 /* RCGlassViewController.swift */; };
		0A80B34D1BF43AE200967C91 /* RCPopUpViewController.swift in Sources */ = {isa = PBXBuildFile; fileRef = 0A80B34C1BF43AE200967C91 /* RCPopUpViewController.swift */; };
/* End PBXBuildFile section */

/* Begin PBXFileReference section */
		0A80B3331BF4361B00967C91 /* Mantle.app */ = {isa = PBXFileReference; explicitFileType = wrapper.application; includeInIndex = 0; path = Mantle.app; sourceTree = BUILT_PRODUCTS_DIR; };
		0A80B3361BF4361B00967C91 /* AppDelegate.swift */ = {isa = PBXFileReference; lastKnownFileType = sourcecode.swift; path = AppDelegate.swift; sourceTree = "<group>"; };
		0A80B3381BF4361B00967C91 /* ViewController.swift */ = {isa = PBXFileReference; lastKnownFileType = sourcecode.swift; path = ViewController.swift; sourceTree = "<group>"; };
		0A80B33B1BF4361B00967C91 /* Base */ = {isa = PBXFileReference; lastKnownFileType = file.storyboard; name = Base; path = Base.lproj/Main.storyboard; sourceTree = "<group>"; };
		0A80B33D1BF4361B00967C91 /* Assets.xcassets */ = {isa = PBXFileReference; lastKnownFileType = folder.assetcatalog; path = Assets.xcassets; sourceTree = "<group>"; };
		0A80B3401BF4361B00967C91 /* Base */ = {isa = PBXFileReference; lastKnownFileType = file.storyboard; name = Base; path = Base.lproj/LaunchScreen.storyboard; sourceTree = "<group>"; };
		0A80B3421BF4361B00967C91 /* Info.plist */ = {isa = PBXFileReference; lastKnownFileType = text.plist.xml; path = Info.plist; sourceTree = "<group>"; };
		0A80B3481BF4399300967C91 /* RCMantleViewController.swift */ = {isa = PBXFileReference; fileEncoding = 4; lastKnownFileType = sourcecode.swift; path = RCMantleViewController.swift; sourceTree = "<group>"; };
		0A80B34A1BF43ACD00967C91 /* RCGlassViewController.swift */ = {isa = PBXFileReference; fileEncoding = 4; lastKnownFileType = sourcecode.swift; path = RCGlassViewController.swift; sourceTree = "<group>"; };
		0A80B34C1BF43AE200967C91 /* RCPopUpViewController.swift */ = {isa = PBXFileReference; fileEncoding = 4; lastKnownFileType = sourcecode.swift; path = RCPopUpViewController.swift; sourceTree = "<group>"; };
/* End PBXFileReference section */

/* Begin PBXFrameworksBuildPhase section */
		0A80B3301BF4361B00967C91 /* Frameworks */ = {
			isa = PBXFrameworksBuildPhase;
			buildActionMask = 2147483647;
			files = (
			);
			runOnlyForDeploymentPostprocessing = 0;
		};
/* End PBXFrameworksBuildPhase section */

/* Begin PBXGroup section */
		0A80B32A1BF4361A00967C91 = {
			isa = PBXGroup;
			children = (
				0A80B3351BF4361B00967C91 /* Mantle */,
				0A80B3341BF4361B00967C91 /* Products */,
			);
			sourceTree = "<group>";
		};
		0A80B3341BF4361B00967C91 /* Products */ = {
			isa = PBXGroup;
			children = (
				0A80B3331BF4361B00967C91 /* Mantle.app */,
			);
			name = Products;
			sourceTree = "<group>";
		};
		0A80B3351BF4361B00967C91 /* Mantle */ = {
			isa = PBXGroup;
			children = (
				0A80B3361BF4361B00967C91 /* AppDelegate.swift */,
				0A80B3381BF4361B00967C91 /* ViewController.swift */,
				0A80B33A1BF4361B00967C91 /* Main.storyboard */,
				0A80B33D1BF4361B00967C91 /* Assets.xcassets */,
				0A80B33F1BF4361B00967C91 /* LaunchScreen.storyboard */,
				0A80B3421BF4361B00967C91 /* Info.plist */,
				0A80B3481BF4399300967C91 /* RCMantleViewController.swift */,
				0A80B34A1BF43ACD00967C91 /* RCGlassViewController.swift */,
				0A80B34C1BF43AE200967C91 /* RCPopUpViewController.swift */,
			);
			path = Mantle;
			sourceTree = "<group>";
		};
/* End PBXGroup section */

/* Begin PBXNativeTarget section */
		0A80B3321BF4361B00967C91 /* Mantle */ = {
			isa = PBXNativeTarget;
			buildConfigurationList = 0A80B3451BF4361B00967C91 /* Build configuration list for PBXNativeTarget "Mantle" */;
			buildPhases = (
				0A80B32F1BF4361B00967C91 /* Sources */,
				0A80B3301BF4361B00967C91 /* Frameworks */,
				0A80B3311BF4361B00967C91 /* Resources */,
			);
			buildRules = (
			);
			dependencies = (
			);
			name = Mantle;
			productName = Mantle;
			productReference = 0A80B3331BF4361B00967C91 /* Mantle.app */;
			productType = "com.apple.product-type.application";
		};
/* End PBXNativeTarget section */

/* Begin PBXProject section */
		0A80B32B1BF4361A00967C91 /* Project object */ = {
			isa = PBXProject;
			attributes = {
				LastSwiftUpdateCheck = 0710;
				LastUpgradeCheck = 0710;
				ORGANIZATIONNAME = canalesb;
				TargetAttributes = {
					0A80B3321BF4361B00967C91 = {
						CreatedOnToolsVersion = 7.1;
					};
				};
			};
			buildConfigurationList = 0A80B32E1BF4361A00967C91 /* Build configuration list for PBXProject "Mantle" */;
			compatibilityVersion = "Xcode 3.2";
			developmentRegion = English;
			hasScannedForEncodings = 0;
			knownRegions = (
				en,
				Base,
			);
			mainGroup = 0A80B32A1BF4361A00967C91;
			productRefGroup = 0A80B3341BF4361B00967C91 /* Products */;
			projectDirPath = "";
			projectRoot = "";
			targets = (
				0A80B3321BF4361B00967C91 /* Mantle */,
			);
		};
/* End PBXProject section */

/* Begin PBXResourcesBuildPhase section */
		0A80B3311BF4361B00967C91 /* Resources */ = {
			isa = PBXResourcesBuildPhase;
			buildActionMask = 2147483647;
			files = (
				0A80B3411BF4361B00967C91 /* LaunchScreen.storyboard in Resources */,
				0A80B33E1BF4361B00967C91 /* Assets.xcassets in Resources */,
				0A80B33C1BF4361B00967C91 /* Main.storyboard in Resources */,
			);
			runOnlyForDeploymentPostprocessing = 0;
		};
/* End PBXResourcesBuildPhase section */

/* Begin PBXSourcesBuildPhase section */
		0A80B32F1BF4361B00967C91 /* Sources */ = {
			isa = PBXSourcesBuildPhase;
			buildActionMask = 2147483647;
			files = (
				0A80B34B1BF43ACD00967C91 /* RCGlassViewController.swift in Sources */,
				0A80B3491BF4399300967C91 /* RCMantleViewController.swift in Sources */,
				0A80B3391BF4361B00967C91 /* ViewController.swift in Sources */,
				0A80B34D1BF43AE200967C91 /* RCPopUpViewController.swift in Sources */,
				0A80B3371BF4361B00967C91 /* AppDelegate.swift in Sources */,
			);
			runOnlyForDeploymentPostprocessing = 0;
		};
/* End PBXSourcesBuildPhase section */

/* Begin PBXVariantGroup section */
		0A80B33A1BF4361B00967C91 /* Main.storyboard */ = {
			isa = PBXVariantGroup;
			children = (
				0A80B33B1BF4361B00967C91 /* Base */,
			);
			name = Main.storyboard;
			sourceTree = "<group>";
		};
		0A80B33F1BF4361B00967C91 /* LaunchScreen.storyboard */ = {
			isa = PBXVariantGroup;
			children = (
				0A80B3401BF4361B00967C91 /* Base */,
			);
			name = LaunchScreen.storyboard;
			sourceTree = "<group>";
		};
/* End PBXVariantGroup section */

/* Begin XCBuildConfiguration section */
		0A80B3431BF4361B00967C91 /* Debug */ = {
			isa = XCBuildConfiguration;
			buildSettings = {
				ALWAYS_SEARCH_USER_PATHS = NO;
				CLANG_CXX_LANGUAGE_STANDARD = "gnu++0x";
				CLANG_CXX_LIBRARY = "libc++";
				CLANG_ENABLE_MODULES = YES;
				CLANG_ENABLE_OBJC_ARC = YES;
				CLANG_WARN_BOOL_CONVERSION = YES;
				CLANG_WARN_CONSTANT_CONVERSION = YES;
				CLANG_WARN_DIRECT_OBJC_ISA_USAGE = YES_ERROR;
				CLANG_WARN_EMPTY_BODY = YES;
				CLANG_WARN_ENUM_CONVERSION = YES;
				CLANG_WARN_INT_CONVERSION = YES;
				CLANG_WARN_OBJC_ROOT_CLASS = YES_ERROR;
				CLANG_WARN_UNREACHABLE_CODE = YES;
				CLANG_WARN__DUPLICATE_METHOD_MATCH = YES;
				"CODE_SIGN_IDENTITY[sdk=iphoneos*]" = "iPhone Developer";
				COPY_PHASE_STRIP = NO;
				DEBUG_INFORMATION_FORMAT = dwarf;
				ENABLE_STRICT_OBJC_MSGSEND = YES;
				ENABLE_TESTABILITY = YES;
				GCC_C_LANGUAGE_STANDARD = gnu99;
				GCC_DYNAMIC_NO_PIC = NO;
				GCC_NO_COMMON_BLOCKS = YES;
				GCC_OPTIMIZATION_LEVEL = 0;
				GCC_PREPROCESSOR_DEFINITIONS = (
					"DEBUG=1",
					"$(inherited)",
				);
				GCC_WARN_64_TO_32_BIT_CONVERSION = YES;
				GCC_WARN_ABOUT_RETURN_TYPE = YES_ERROR;
				GCC_WARN_UNDECLARED_SELECTOR = YES;
				GCC_WARN_UNINITIALIZED_AUTOS = YES_AGGRESSIVE;
				GCC_WARN_UNUSED_FUNCTION = YES;
				GCC_WARN_UNUSED_VARIABLE = YES;
				IPHONEOS_DEPLOYMENT_TARGET = 9.1;
				MTL_ENABLE_DEBUG_INFO = YES;
				ONLY_ACTIVE_ARCH = YES;
				SDKROOT = iphoneos;
				SWIFT_OPTIMIZATION_LEVEL = "-Onone";
			};
			name = Debug;
		};
		0A80B3441BF4361B00967C91 /* Release */ = {
			isa = XCBuildConfiguration;
			buildSettings = {
				ALWAYS_SEARCH_USER_PATHS = NO;
				CLANG_CXX_LANGUAGE_STANDARD = "gnu++0x";
				CLANG_CXX_LIBRARY = "libc++";
				CLANG_ENABLE_MODULES = YES;
				CLANG_ENABLE_OBJC_ARC = YES;
				CLANG_WARN_BOOL_CONVERSION = YES;
				CLANG_WARN_CONSTANT_CONVERSION = YES;
				CLANG_WARN_DIRECT_OBJC_ISA_USAGE = YES_ERROR;
				CLANG_WARN_EMPTY_BODY = YES;
				CLANG_WARN_ENUM_CONVERSION = YES;
				CLANG_WARN_INT_CONVERSION = YES;
				CLANG_WARN_OBJC_ROOT_CLASS = YES_ERROR;
				CLANG_WARN_UNREACHABLE_CODE = YES;
				CLANG_WARN__DUPLICATE_METHOD_MATCH = YES;
				"CODE_SIGN_IDENTITY[sdk=iphoneos*]" = "iPhone Developer";
				COPY_PHASE_STRIP = NO;
				DEBUG_INFORMATION_FORMAT = "dwarf-with-dsym";
				ENABLE_NS_ASSERTIONS = NO;
				ENABLE_STRICT_OBJC_MSGSEND = YES;
				GCC_C_LANGUAGE_STANDARD = gnu99;
				GCC_NO_COMMON_BLOCKS = YES;
				GCC_WARN_64_TO_32_BIT_CONVERSION = YES;
				GCC_WARN_ABOUT_RETURN_TYPE = YES_ERROR;
				GCC_WARN_UNDECLARED_SELECTOR = YES;
				GCC_WARN_UNINITIALIZED_AUTOS = YES_AGGRESSIVE;
				GCC_WARN_UNUSED_FUNCTION = YES;
				GCC_WARN_UNUSED_VARIABLE = YES;
				IPHONEOS_DEPLOYMENT_TARGET = 9.1;
				MTL_ENABLE_DEBUG_INFO = NO;
				SDKROOT = iphoneos;
				VALIDATE_PRODUCT = YES;
			};
			name = Release;
		};
		0A80B3461BF4361B00967C91 /* Debug */ = {
			isa = XCBuildConfiguration;
			buildSettings = {
				ASSETCATALOG_COMPILER_APPICON_NAME = AppIcon;
				INFOPLIST_FILE = Mantle/Info.plist;
				LD_RUNPATH_SEARCH_PATHS = "$(inherited) @executable_path/Frameworks";
				PRODUCT_BUNDLE_IDENTIFIER = com.canalesb.Mantle;
				PRODUCT_NAME = "$(TARGET_NAME)";
			};
			name = Debug;
		};
		0A80B3471BF4361B00967C91 /* Release */ = {
			isa = XCBuildConfiguration;
			buildSettings = {
				ASSETCATALOG_COMPILER_APPICON_NAME = AppIcon;
				INFOPLIST_FILE = Mantle/Info.plist;
				LD_RUNPATH_SEARCH_PATHS = "$(inherited) @executable_path/Frameworks";
				PRODUCT_BUNDLE_IDENTIFIER = com.canalesb.Mantle;
				PRODUCT_NAME = "$(TARGET_NAME)";
			};
			name = Release;
		};
/* End XCBuildConfiguration section */

/* Begin XCConfigurationList section */
		0A80B32E1BF4361A00967C91 /* Build configuration list for PBXProject "Mantle" */ = {
			isa = XCConfigurationList;
			buildConfigurations = (
				0A80B3431BF4361B00967C91 /* Debug */,
				0A80B3441BF4361B00967C91 /* Release */,
			);
			defaultConfigurationIsVisible = 0;
			defaultConfigurationName = Release;
		};
		0A80B3451BF4361B00967C91 /* Build configuration list for PBXNativeTarget "Mantle" */ = {
			isa = XCConfigurationList;
			buildConfigurations = (
				0A80B3461BF4361B00967C91 /* Debug */,
				0A80B3471BF4361B00967C91 /* Release */,
			);
			defaultConfigurationIsVisible = 0;
			defaultConfigurationName = Release;
		};
/* End XCConfigurationList section */
	};
	rootObject = 0A80B32B1BF4361A00967C91 /* Project object */;
}
